{
  "name": "node-adodb",
  "version": "3.1.0",
  "lockfileVersion": 1,
  "dependencies": {
    "arch": {
      "version": "2.1.0",
      "resolved": "https://registry.npmjs.org/arch/-/arch-2.1.0.tgz",
      "integrity": "sha1-NhOqRhSQZLPB8GB5Gb8dR4boKIk="
    },
    "commander": {
      "version": "2.9.0",
      "resolved": "https://registry.npmjs.org/commander/-/commander-2.9.0.tgz",
      "integrity": "sha1-nJkJQXbhIkDLItbFFGCYQA/g99Q=",
      "dev": true
    },
    "debug": {
      "version": "2.6.8",
      "resolved": "https://registry.npmjs.org/debug/-/debug-2.6.8.tgz",
      "integrity": "sha1-5zFTHKLt4n0YgiJCfaF4IdaP9Pw="
    },
    "expect.js": {
      "version": "0.3.1",
      "resolved": "https://registry.npmjs.org/expect.js/-/expect.js-0.3.1.tgz",
      "integrity": "sha1-sKWaDS7/VDdUTr8M6qYBWEHQm1s=",
      "dev": true
    },
    "graceful-readlink": {
      "version": "1.0.1",
      "resolved": "https://registry.npmjs.org/graceful-readlink/-/graceful-readlink-1.0.1.tgz",
      "integrity": "sha1-TK+tdrxi8C+gObL5Tpo906ORpyU=",
      "dev": true
    },
    "ms": {
      "version": "2.0.0",
      "resolved": "https://registry.npmjs.org/ms/-/ms-2.0.0.tgz",
      "integrity": "sha1-VgiurfwAvmwpAd9fmGF4jeDVl8g="
    },
    "rollup": {
      "version": "0.43.0",
      "resolved": "https://registry.npmjs.org/rollup/-/rollup-0.43.0.tgz",
      "integrity": "sha512-XqpEPAMHCJ4VcT95ApyGQC7MncjGcG6UtcU5geONqPfN2uAROGmJDE3cOi325S19rhklbM+BXIHNX35l+1zmAg==",
      "dev": true
    },
    "source-map": {
      "version": "0.5.6",
      "resolved": "https://registry.npmjs.org/source-map/-/source-map-0.5.6.tgz",
      "integrity": "sha1-dc449SvwczxafwwRjYEzSiu19BI=",
      "dev": true
    },
    "source-map-support": {
      "version": "0.4.15",
      "resolved": "https://registry.npmjs.org/source-map-support/-/source-map-support-0.4.15.tgz",
      "integrity": "sha1-AyAt9lwG0r2MfsI2KhkwVv7407E=",
      "dev": true
    },
    "uglify-js": {
      "version": "3.0.19",
      "resolved": "https://registry.npmjs.org/uglify-js/-/uglify-js-3.0.19.tgz",
      "integrity": "sha512-/MRnHKKJemMVs4iKmiUZY8S0knDRFOJI9Ein/rdn0w9hrK8ELdj+6bjWmHeBjSDPGUWxi/4960A+GAWZbzHvDA==",
      "dev": true
    }
  }
}
